// !$*UTF8*$!
{
	archiveVersion = 1;
	classes = {
	};
	objectVersion = 56;
	objects = {

/* Begin PBXBuildFile section */
		6B9362962A54E29D00DB8479 /* SourceryRuntime in Frameworks */ = {isa = PBXBuildFile; productRef = 6B9362952A54E29D00DB8479 /* SourceryRuntime */; };
		6B9362982A54E29D00DB8479 /* SourcerySwift in Frameworks */ = {isa = PBXBuildFile; productRef = 6B9362972A54E29D00DB8479 /* SourcerySwift */; };
		6B9362A22A54E3BB00DB8479 /* ModelsMock.meta.swift in Sources */ = {isa = PBXBuildFile; fileRef = 6B93629F2A54E3BB00DB8479 /* ModelsMock.meta.swift */; };
		6B9362A92A54EDF300DB8479 /* Core.meta.swift in Sources */ = {isa = PBXBuildFile; fileRef = 6B9362A72A54EDF300DB8479 /* Core.meta.swift */; };
		6B9362AD2A54F48600DB8479 /* RuntimeHelper.swift in Sources */ = {isa = PBXBuildFile; fileRef = 6B9362AC2A54F48600DB8479 /* RuntimeHelper.swift */; };
/* End PBXBuildFile section */

/* Begin PBXCopyFilesBuildPhase section */
		6B9362882A54E1F700DB8479 /* CopyFiles */ = {
			isa = PBXCopyFilesBuildPhase;
			buildActionMask = 2147483647;
			dstPath = "include/$(PRODUCT_NAME)";
			dstSubfolderSpec = 16;
			files = (
			);
			runOnlyForDeploymentPostprocessing = 0;
		};
/* End PBXCopyFilesBuildPhase section */

/* Begin PBXFileReference section */
		6B93628A2A54E1F700DB8479 /* libSourceryCode.a */ = {isa = PBXFileReference; explicitFileType = archive.ar; includeInIndex = 0; path = libSourceryCode.a; sourceTree = BUILT_PRODUCTS_DIR; };
		6B93629F2A54E3BB00DB8479 /* ModelsMock.meta.swift */ = {isa = PBXFileReference; fileEncoding = 4; lastKnownFileType = sourcecode.swift; path = ModelsMock.meta.swift; sourceTree = "<group>"; };
		6B9362A02A54E3BB00DB8479 /* ModelsMock.swifttemplate */ = {isa = PBXFileReference; fileEncoding = 4; lastKnownFileType = text; path = ModelsMock.swifttemplate; sourceTree = "<group>"; };
		6B9362A72A54EDF300DB8479 /* Core.meta.swift */ = {isa = PBXFileReference; fileEncoding = 4; lastKnownFileType = sourcecode.swift; path = Core.meta.swift; sourceTree = "<group>"; };
		6B9362AC2A54F48600DB8479 /* RuntimeHelper.swift */ = {isa = PBXFileReference; lastKnownFileType = sourcecode.swift; path = RuntimeHelper.swift; sourceTree = "<group>"; };
/* End PBXFileReference section */

/* Begin PBXFrameworksBuildPhase section */
		6B9362872A54E1F700DB8479 /* Frameworks */ = {
			isa = PBXFrameworksBuildPhase;
			buildActionMask = 2147483647;
			files = (
				6B9362982A54E29D00DB8479 /* SourcerySwift in Frameworks */,
				6B9362962A54E29D00DB8479 /* SourceryRuntime in Frameworks */,
			);
			runOnlyForDeploymentPostprocessing = 0;
		};
/* End PBXFrameworksBuildPhase section */

/* Begin PBXGroup section */
		6B9362812A54E1F700DB8479 = {
			isa = PBXGroup;
			children = (
				6B9362AB2A54F46A00DB8479 /* Helpers */,
				6B93628C2A54E1F700DB8479 /* Templates */,
				6B93628B2A54E1F700DB8479 /* Products */,
			);
			sourceTree = "<group>";
		};
		6B93628B2A54E1F700DB8479 /* Products */ = {
			isa = PBXGroup;
			children = (
				6B93628A2A54E1F700DB8479 /* libSourceryCode.a */,
			);
			name = Products;
			sourceTree = "<group>";
		};
		6B93628C2A54E1F700DB8479 /* Templates */ = {
			isa = PBXGroup;
			children = (
				6B9362A52A54EDF300DB8479 /* Core */,
				6B93629E2A54E3BB00DB8479 /* ModelsMock */,
			);
			path = Templates;
			sourceTree = "<group>";
		};
		6B93629E2A54E3BB00DB8479 /* ModelsMock */ = {
			isa = PBXGroup;
			children = (
				6B93629F2A54E3BB00DB8479 /* ModelsMock.meta.swift */,
				6B9362A02A54E3BB00DB8479 /* ModelsMock.swifttemplate */,
			);
			path = ModelsMock;
			sourceTree = "<group>";
		};
		6B9362A52A54EDF300DB8479 /* Core */ = {
			isa = PBXGroup;
			children = (
				6B9362A72A54EDF300DB8479 /* Core.meta.swift */,
			);
			path = Core;
			sourceTree = "<group>";
		};
		6B9362AB2A54F46A00DB8479 /* Helpers */ = {
			isa = PBXGroup;
			children = (
				6B9362AC2A54F48600DB8479 /* RuntimeHelper.swift */,
			);
			path = Helpers;
			sourceTree = "<group>";
		};
/* End PBXGroup section */

/* Begin PBXNativeTarget section */
		6B9362892A54E1F700DB8479 /* SourceryCode */ = {
			isa = PBXNativeTarget;
			buildConfigurationList = 6B9362912A54E1F700DB8479 /* Build configuration list for PBXNativeTarget "SourceryCode" */;
			buildPhases = (
				6B9362862A54E1F700DB8479 /* Sources */,
				6B9362872A54E1F700DB8479 /* Frameworks */,
				6B9362882A54E1F700DB8479 /* CopyFiles */,
			);
			buildRules = (
			);
			dependencies = (
			);
			name = SourceryCode;
			packageProductDependencies = (
				6B9362952A54E29D00DB8479 /* SourceryRuntime */,
				6B9362972A54E29D00DB8479 /* SourcerySwift */,
			);
			productName = SourceryCode;
			productReference = 6B93628A2A54E1F700DB8479 /* libSourceryCode.a */;
			productType = "com.apple.product-type.library.static";
		};
/* End PBXNativeTarget section */

/* Begin PBXProject section */
		6B9362822A54E1F700DB8479 /* Project object */ = {
			isa = PBXProject;
			attributes = {
				BuildIndependentTargetsInParallel = 1;
				LastSwiftUpdateCheck = 1420;
				LastUpgradeCheck = 1420;
				TargetAttributes = {
					6B9362892A54E1F700DB8479 = {
						CreatedOnToolsVersion = 14.2;
						LastSwiftMigration = 1420;
					};
				};
			};
			buildConfigurationList = 6B9362852A54E1F700DB8479 /* Build configuration list for PBXProject "SourceryCode" */;
			compatibilityVersion = "Xcode 14.0";
			developmentRegion = en;
			hasScannedForEncodings = 0;
			knownRegions = (
				en,
				Base,
			);
			mainGroup = 6B9362812A54E1F700DB8479;
			packageReferences = (
				6B9362942A54E29D00DB8479 /* XCRemoteSwiftPackageReference "Sourcery" */,
			);
			productRefGroup = 6B93628B2A54E1F700DB8479 /* Products */;
			projectDirPath = "";
			projectRoot = "";
			targets = (
				6B9362892A54E1F700DB8479 /* SourceryCode */,
			);
		};
/* End PBXProject section */

/* Begin PBXSourcesBuildPhase section */
		6B9362862A54E1F700DB8479 /* Sources */ = {
			isa = PBXSourcesBuildPhase;
			buildActionMask = 2147483647;
			files = (
				6B9362A22A54E3BB00DB8479 /* ModelsMock.meta.swift in Sources */,
				6B9362AD2A54F48600DB8479 /* RuntimeHelper.swift in Sources */,
				6B9362A92A54EDF300DB8479 /* Core.meta.swift in Sources */,
			);
			runOnlyForDeploymentPostprocessing = 0;
		};
/* End PBXSourcesBuildPhase section */

/* Begin XCBuildConfiguration section */
		6B93628F2A54E1F700DB8479 /* Debug */ = {
			isa = XCBuildConfiguration;
			buildSettings = {
				ALWAYS_SEARCH_USER_PATHS = NO;
				CLANG_ANALYZER_NONNULL = YES;
				CLANG_ANALYZER_NUMBER_OBJECT_CONVERSION = YES_AGGRESSIVE;
				CLANG_CXX_LANGUAGE_STANDARD = "gnu++20";
				CLANG_ENABLE_MODULES = YES;
				CLANG_ENABLE_OBJC_ARC = YES;
				CLANG_ENABLE_OBJC_WEAK = YES;
				CLANG_WARN_BLOCK_CAPTURE_AUTORELEASING = YES;
				CLANG_WARN_BOOL_CONVERSION = YES;
				CLANG_WARN_COMMA = YES;
				CLANG_WARN_CONSTANT_CONVERSION = YES;
				CLANG_WARN_DEPRECATED_OBJC_IMPLEMENTATIONS = YES;
				CLANG_WARN_DIRECT_OBJC_ISA_USAGE = YES_ERROR;
				CLANG_WARN_DOCUMENTATION_COMMENTS = YES;
				CLANG_WARN_EMPTY_BODY = YES;
				CLANG_WARN_ENUM_CONVERSION = YES;
				CLANG_WARN_INFINITE_RECURSION = YES;
				CLANG_WARN_INT_CONVERSION = YES;
				CLANG_WARN_NON_LITERAL_NULL_CONVERSION = YES;
				CLANG_WARN_OBJC_IMPLICIT_RETAIN_SELF = YES;
				CLANG_WARN_OBJC_LITERAL_CONVERSION = YES;
				CLANG_WARN_OBJC_ROOT_CLASS = YES_ERROR;
				CLANG_WARN_QUOTED_INCLUDE_IN_FRAMEWORK_HEADER = YES;
				CLANG_WARN_RANGE_LOOP_ANALYSIS = YES;
				CLANG_WARN_STRICT_PROTOTYPES = YES;
				CLANG_WARN_SUSPICIOUS_MOVE = YES;
				CLANG_WARN_UNGUARDED_AVAILABILITY = YES_AGGRESSIVE;
				CLANG_WARN_UNREACHABLE_CODE = YES;
				CLANG_WARN__DUPLICATE_METHOD_MATCH = YES;
				COPY_PHASE_STRIP = NO;
				DEBUG_INFORMATION_FORMAT = dwarf;
				ENABLE_STRICT_OBJC_MSGSEND = YES;
				ENABLE_TESTABILITY = YES;
				GCC_C_LANGUAGE_STANDARD = gnu11;
				GCC_DYNAMIC_NO_PIC = NO;
				GCC_NO_COMMON_BLOCKS = YES;
				GCC_OPTIMIZATION_LEVEL = 0;
				GCC_PREPROCESSOR_DEFINITIONS = (
					"DEBUG=1",
					"$(inherited)",
				);
				GCC_WARN_64_TO_32_BIT_CONVERSION = YES;
				GCC_WARN_ABOUT_RETURN_TYPE = YES_ERROR;
				GCC_WARN_UNDECLARED_SELECTOR = YES;
				GCC_WARN_UNINITIALIZED_AUTOS = YES_AGGRESSIVE;
				GCC_WARN_UNUSED_FUNCTION = YES;
				GCC_WARN_UNUSED_VARIABLE = YES;
				IPHONEOS_DEPLOYMENT_TARGET = 16.2;
				MTL_ENABLE_DEBUG_INFO = INCLUDE_SOURCE;
				MTL_FAST_MATH = YES;
				ONLY_ACTIVE_ARCH = YES;
				SDKROOT = iphoneos;
				SWIFT_ACTIVE_COMPILATION_CONDITIONS = DEBUG;
				SWIFT_OPTIMIZATION_LEVEL = "-Onone";
			};
			name = Debug;
		};
		6B9362902A54E1F700DB8479 /* Release */ = {
			isa = XCBuildConfiguration;
			buildSettings = {
				ALWAYS_SEARCH_USER_PATHS = NO;
				CLANG_ANALYZER_NONNULL = YES;
				CLANG_ANALYZER_NUMBER_OBJECT_CONVERSION = YES_AGGRESSIVE;
				CLANG_CXX_LANGUAGE_STANDARD = "gnu++20";
				CLANG_ENABLE_MODULES = YES;
				CLANG_ENABLE_OBJC_ARC = YES;
				CLANG_ENABLE_OBJC_WEAK = YES;
				CLANG_WARN_BLOCK_CAPTURE_AUTORELEASING = YES;
				CLANG_WARN_BOOL_CONVERSION = YES;
				CLANG_WARN_COMMA = YES;
				CLANG_WARN_CONSTANT_CONVERSION = YES;
				CLANG_WARN_DEPRECATED_OBJC_IMPLEMENTATIONS = YES;
				CLANG_WARN_DIRECT_OBJC_ISA_USAGE = YES_ERROR;
				CLANG_WARN_DOCUMENTATION_COMMENTS = YES;
				CLANG_WARN_EMPTY_BODY = YES;
				CLANG_WARN_ENUM_CONVERSION = YES;
				CLANG_WARN_INFINITE_RECURSION = YES;
				CLANG_WARN_INT_CONVERSION = YES;
				CLANG_WARN_NON_LITERAL_NULL_CONVERSION = YES;
				CLANG_WARN_OBJC_IMPLICIT_RETAIN_SELF = YES;
				CLANG_WARN_OBJC_LITERAL_CONVERSION = YES;
				CLANG_WARN_OBJC_ROOT_CLASS = YES_ERROR;
				CLANG_WARN_QUOTED_INCLUDE_IN_FRAMEWORK_HEADER = YES;
				CLANG_WARN_RANGE_LOOP_ANALYSIS = YES;
				CLANG_WARN_STRICT_PROTOTYPES = YES;
				CLANG_WARN_SUSPICIOUS_MOVE = YES;
				CLANG_WARN_UNGUARDED_AVAILABILITY = YES_AGGRESSIVE;
				CLANG_WARN_UNREACHABLE_CODE = YES;
				CLANG_WARN__DUPLICATE_METHOD_MATCH = YES;
				COPY_PHASE_STRIP = NO;
				DEBUG_INFORMATION_FORMAT = "dwarf-with-dsym";
				ENABLE_NS_ASSERTIONS = NO;
				ENABLE_STRICT_OBJC_MSGSEND = YES;
				GCC_C_LANGUAGE_STANDARD = gnu11;
				GCC_NO_COMMON_BLOCKS = YES;
				GCC_WARN_64_TO_32_BIT_CONVERSION = YES;
				GCC_WARN_ABOUT_RETURN_TYPE = YES_ERROR;
				GCC_WARN_UNDECLARED_SELECTOR = YES;
				GCC_WARN_UNINITIALIZED_AUTOS = YES_AGGRESSIVE;
				GCC_WARN_UNUSED_FUNCTION = YES;
				GCC_WARN_UNUSED_VARIABLE = YES;
				IPHONEOS_DEPLOYMENT_TARGET = 16.2;
				MTL_ENABLE_DEBUG_INFO = NO;
				MTL_FAST_MATH = YES;
				SDKROOT = iphoneos;
				SWIFT_COMPILATION_MODE = wholemodule;
				SWIFT_OPTIMIZATION_LEVEL = "-O";
				VALIDATE_PRODUCT = YES;
			};
			name = Release;
		};
		6B9362922A54E1F700DB8479 /* Debug */ = {
			isa = XCBuildConfiguration;
			buildSettings = {
				CLANG_ENABLE_MODULES = YES;
				CODE_SIGN_STYLE = Automatic;
				DEVELOPMENT_TEAM = UBWQ9S7Q94;
				LD_RUNPATH_SEARCH_PATHS = (
					"$(inherited)",
					"@executable_path/Frameworks",
					"@loader_path/Frameworks",
				);
				OTHER_LDFLAGS = "-ObjC";
				PRODUCT_NAME = "$(TARGET_NAME)";
				SKIP_INSTALL = YES;
				SWIFT_OPTIMIZATION_LEVEL = "-Onone";
				SWIFT_VERSION = 5.0;
				TARGETED_DEVICE_FAMILY = "1,2";
			};
			name = Debug;
		};
		6B9362932A54E1F700DB8479 /* Release */ = {
			isa = XCBuildConfiguration;
			buildSettings = {
				CLANG_ENABLE_MODULES = YES;
				CODE_SIGN_STYLE = Automatic;
				DEVELOPMENT_TEAM = UBWQ9S7Q94;
				LD_RUNPATH_SEARCH_PATHS = (
					"$(inherited)",
					"@executable_path/Frameworks",
					"@loader_path/Frameworks",
				);
				OTHER_LDFLAGS = "-ObjC";
				PRODUCT_NAME = "$(TARGET_NAME)";
				SKIP_INSTALL = YES;
				SWIFT_VERSION = 5.0;
				TARGETED_DEVICE_FAMILY = "1,2";
			};
			name = Release;
		};
/* End XCBuildConfiguration section */

/* Begin XCConfigurationList section */
		6B9362852A54E1F700DB8479 /* Build configuration list for PBXProject "SourceryCode" */ = {
			isa = XCConfigurationList;
			buildConfigurations = (
				6B93628F2A54E1F700DB8479 /* Debug */,
				6B9362902A54E1F700DB8479 /* Release */,
			);
			defaultConfigurationIsVisible = 0;
			defaultConfigurationName = Release;
		};
		6B9362912A54E1F700DB8479 /* Build configuration list for PBXNativeTarget "SourceryCode" */ = {
			isa = XCConfigurationList;
			buildConfigurations = (
				6B9362922A54E1F700DB8479 /* Debug */,
				6B9362932A54E1F700DB8479 /* Release */,
			);
			defaultConfigurationIsVisible = 0;
			defaultConfigurationName = Release;
		};
/* End XCConfigurationList section */

/* Begin XCRemoteSwiftPackageReference section */
		6B9362942A54E29D00DB8479 /* XCRemoteSwiftPackageReference "Sourcery" */ = {
			isa = XCRemoteSwiftPackageReference;
			repositoryURL = "https://github.com/krzysztofzablocki/Sourcery.git";
			requirement = {
				kind = exactVersion;
				version = 2.0.2;
			};
		};
/* End XCRemoteSwiftPackageReference section */

/* Begin XCSwiftPackageProductDependency section */
		6B9362952A54E29D00DB8479 /* SourceryRuntime */ = {
			isa = XCSwiftPackageProductDependency;
			package = 6B9362942A54E29D00DB8479 /* XCRemoteSwiftPackageReference "Sourcery" */;
			productName = SourceryRuntime;
		};
		6B9362972A54E29D00DB8479 /* SourcerySwift */ = {
			isa = XCSwiftPackageProductDependency;
			package = 6B9362942A54E29D00DB8479 /* XCRemoteSwiftPackageReference "Sourcery" */;
			productName = SourcerySwift;
		};
/* End XCSwiftPackageProductDependency section */
	};
	rootObject = 6B9362822A54E1F700DB8479 /* Project object */;
}
